schema: '2.0'
stages:
  prepare:
    cmd: python src/data/create_dataset.py
    deps:
    - path: src/data/create_dataset.py
      md5: 749e8d6c6f1a14527e3edde4e5f5921b
      size: 655
    outs:
    - path: assets/data
      md5: 0934408ed544a61a2536499dcc4f67f9.dir
      size: 92145
      nfiles: 2
  featurize:
    cmd: python src/features/create_features.py
    deps:
    - path: assets/data
      md5: 0934408ed544a61a2536499dcc4f67f9.dir
      size: 92145
      nfiles: 2
    - path: src/features/create_features.py
      md5: d80af49d934e83e11d2f16ac83a83818
      size: 1228
    outs:
    - path: assets/features
      md5: 743808c1a0f95c79210f6492f7c63c47.dir
      size: 6428
      nfiles: 4
  train:
    cmd: python src/models/train_model.py
    deps:
    - path: assets/features
      md5: 743808c1a0f95c79210f6492f7c63c47.dir
      size: 6428
      nfiles: 4
    - path: src/models/train_model.py
      md5: 15e5d80580d67448ccbe84e3f4b26524
      size: 1154
    params:
      params.yaml:
        model_type: ElasticNet
        random_state: 42
        train:
          epochs: 100
          alpha: 0.025
          l1_rate: 0.3
    outs:
    - path: assets/models
      md5: 46cfd1e8b70df7116cfa471ec397a178.dir
      size: 814
      nfiles: 1
  evaluate:
    cmd: python src/models/evaluate_model.py
    deps:
    - path: assets/features
      md5: 743808c1a0f95c79210f6492f7c63c47.dir
      size: 6428
      nfiles: 4
    - path: assets/models
      md5: 46cfd1e8b70df7116cfa471ec397a178.dir
      size: 814
      nfiles: 1
    - path: src/models/evaluate_model.py
      md5: 12f44c1aefdc3182cfd81076d32f8781
      size: 1927
    params:
      params.yaml:
        model_type: ElasticNet
    outs:
    - path: assets/metrics.json
      md5: 78cad40f6fbcdf9a5e4a5a0c4f512e2b
      size: 85
